// !$*UTF8*$!
{
	archiveVersion = 1;
	classes = {
	};
	objectVersion = 46;
	objects = {

/* Begin PBXBuildFile section */
		4B228C071A0CFA8200C0D6B8 /* metroinfo.sqlite in Resources */ = {isa = PBXBuildFile; fileRef = 4B228C061A0CFA8200C0D6B8 /* metroinfo.sqlite */; };
		4B228C0A1A0D1FAF00C0D6B8 /* SearchInfo.m in Sources */ = {isa = PBXBuildFile; fileRef = 4B228C091A0D1FAF00C0D6B8 /* SearchInfo.m */; };
		4B9D6E221A09018D005AE160 /* CoreLocation.framework in Frameworks */ = {isa = PBXBuildFile; fileRef = 4B9D6E211A09018D005AE160 /* CoreLocation.framework */; };
		4B9D6E241A090194005AE160 /* MapKit.framework in Frameworks */ = {isa = PBXBuildFile; fileRef = 4B9D6E231A090194005AE160 /* MapKit.framework */; };
		4BBE11351A0531300092E63D /* MetroStation.m in Sources */ = {isa = PBXBuildFile; fileRef = 4BBE11341A0531300092E63D /* MetroStation.m */; };
		4BCB02FD1A04E34300AC4BAF /* main.m in Sources */ = {isa = PBXBuildFile; fileRef = 4BCB02FC1A04E34300AC4BAF /* main.m */; };
		4BCB03001A04E34300AC4BAF /* AppDelegate.m in Sources */ = {isa = PBXBuildFile; fileRef = 4BCB02FF1A04E34300AC4BAF /* AppDelegate.m */; };
		4BCB03061A04E34300AC4BAF /* Main.storyboard in Resources */ = {isa = PBXBuildFile; fileRef = 4BCB03041A04E34300AC4BAF /* Main.storyboard */; };
		4BCB03081A04E34300AC4BAF /* Images.xcassets in Resources */ = {isa = PBXBuildFile; fileRef = 4BCB03071A04E34300AC4BAF /* Images.xcassets */; };
		4BCB030B1A04E34300AC4BAF /* LaunchScreen.xib in Resources */ = {isa = PBXBuildFile; fileRef = 4BCB03091A04E34300AC4BAF /* LaunchScreen.xib */; };
		4BCB03171A04E34300AC4BAF /* MetroInfoTests.m in Sources */ = {isa = PBXBuildFile; fileRef = 4BCB03161A04E34300AC4BAF /* MetroInfoTests.m */; };
		4BCB03251A04EBA000AC4BAF /* MetroListTableView.m in Sources */ = {isa = PBXBuildFile; fileRef = 4BCB03241A04EBA000AC4BAF /* MetroListTableView.m */; };
		4BCB032E1A04ECF500AC4BAF /* MetroInfoViewController.m in Sources */ = {isa = PBXBuildFile; fileRef = 4BCB032D1A04ECF500AC4BAF /* MetroInfoViewController.m */; };
		4BCB03311A04EF7000AC4BAF /* MetroListViewController.m in Sources */ = {isa = PBXBuildFile; fileRef = 4BCB03301A04EF7000AC4BAF /* MetroListViewController.m */; };
		4BCB03371A04F0DA00AC4BAF /* MetroLineItem.m in Sources */ = {isa = PBXBuildFile; fileRef = 4BCB03361A04F0DA00AC4BAF /* MetroLineItem.m */; };
		4BE369D41A07B61F0025F01C /* libsqlite3.dylib in Frameworks */ = {isa = PBXBuildFile; fileRef = 4BE369D31A07B61F0025F01C /* libsqlite3.dylib */; };
/* End PBXBuildFile section */

/* Begin PBXContainerItemProxy section */
		4BCB03111A04E34300AC4BAF /* PBXContainerItemProxy */ = {
			isa = PBXContainerItemProxy;
			containerPortal = 4BCB02EF1A04E34300AC4BAF /* Project object */;
			proxyType = 1;
			remoteGlobalIDString = 4BCB02F61A04E34300AC4BAF;
			remoteInfo = MetroInfo;
		};
/* End PBXContainerItemProxy section */

/* Begin PBXFileReference section */
		4B228C061A0CFA8200C0D6B8 /* metroinfo.sqlite */ = {isa = PBXFileReference; lastKnownFileType = file; path = metroinfo.sqlite; sourceTree = "<group>"; };
		4B228C081A0D1FAF00C0D6B8 /* SearchInfo.h */ = {isa = PBXFileReference; fileEncoding = 4; lastKnownFileType = sourcecode.c.h; path = SearchInfo.h; sourceTree = "<group>"; };
		4B228C091A0D1FAF00C0D6B8 /* SearchInfo.m */ = {isa = PBXFileReference; fileEncoding = 4; lastKnownFileType = sourcecode.c.objc; path = SearchInfo.m; sourceTree = "<group>"; };
		4B9D6E211A09018D005AE160 /* CoreLocation.framework */ = {isa = PBXFileReference; lastKnownFileType = wrapper.framework; name = CoreLocation.framework; path = System/Library/Frameworks/CoreLocation.framework; sourceTree = SDKROOT; };
		4B9D6E231A090194005AE160 /* MapKit.framework */ = {isa = PBXFileReference; lastKnownFileType = wrapper.framework; name = MapKit.framework; path = System/Library/Frameworks/MapKit.framework; sourceTree = SDKROOT; };
		4BBE11331A0531300092E63D /* MetroStation.h */ = {isa = PBXFileReference; fileEncoding = 4; lastKnownFileType = sourcecode.c.h; path = MetroStation.h; sourceTree = "<group>"; };
		4BBE11341A0531300092E63D /* MetroStation.m */ = {isa = PBXFileReference; fileEncoding = 4; lastKnownFileType = sourcecode.c.objc; path = MetroStation.m; sourceTree = "<group>"; };
		4BCB02F71A04E34300AC4BAF /* MetroInfo.app */ = {isa = PBXFileReference; explicitFileType = wrapper.application; includeInIndex = 0; path = MetroInfo.app; sourceTree = BUILT_PRODUCTS_DIR; };
		4BCB02FB1A04E34300AC4BAF /* Info.plist */ = {isa = PBXFileReference; lastKnownFileType = text.plist.xml; path = Info.plist; sourceTree = "<group>"; };
		4BCB02FC1A04E34300AC4BAF /* main.m */ = {isa = PBXFileReference; lastKnownFileType = sourcecode.c.objc; path = main.m; sourceTree = "<group>"; };
		4BCB02FE1A04E34300AC4BAF /* AppDelegate.h */ = {isa = PBXFileReference; lastKnownFileType = sourcecode.c.h; path = AppDelegate.h; sourceTree = "<group>"; };
		4BCB02FF1A04E34300AC4BAF /* AppDelegate.m */ = {isa = PBXFileReference; lastKnownFileType = sourcecode.c.objc; path = AppDelegate.m; sourceTree = "<group>"; };
		4BCB03051A04E34300AC4BAF /* Base */ = {isa = PBXFileReference; lastKnownFileType = file.storyboard; name = Base; path = Base.lproj/Main.storyboard; sourceTree = "<group>"; };
		4BCB03071A04E34300AC4BAF /* Images.xcassets */ = {isa = PBXFileReference; lastKnownFileType = folder.assetcatalog; path = Images.xcassets; sourceTree = "<group>"; };
		4BCB030A1A04E34300AC4BAF /* Base */ = {isa = PBXFileReference; lastKnownFileType = file.xib; name = Base; path = Base.lproj/LaunchScreen.xib; sourceTree = "<group>"; };
		4BCB03101A04E34300AC4BAF /* MetroInfoTests.xctest */ = {isa = PBXFileReference; explicitFileType = wrapper.cfbundle; includeInIndex = 0; path = MetroInfoTests.xctest; sourceTree = BUILT_PRODUCTS_DIR; };
		4BCB03151A04E34300AC4BAF /* Info.plist */ = {isa = PBXFileReference; lastKnownFileType = text.plist.xml; path = Info.plist; sourceTree = "<group>"; };
		4BCB03161A04E34300AC4BAF /* MetroInfoTests.m */ = {isa = PBXFileReference; lastKnownFileType = sourcecode.c.objc; path = MetroInfoTests.m; sourceTree = "<group>"; };
		4BCB03231A04EBA000AC4BAF /* MetroListTableView.h */ = {isa = PBXFileReference; fileEncoding = 4; lastKnownFileType = sourcecode.c.h; name = MetroListTableView.h; path = ../MetroListTableView.h; sourceTree = "<group>"; };
		4BCB03241A04EBA000AC4BAF /* MetroListTableView.m */ = {isa = PBXFileReference; fileEncoding = 4; lastKnownFileType = sourcecode.c.objc; name = MetroListTableView.m; path = ../MetroListTableView.m; sourceTree = "<group>"; };
		4BCB032C1A04ECF500AC4BAF /* MetroInfoViewController.h */ = {isa = PBXFileReference; fileEncoding = 4; lastKnownFileType = sourcecode.c.h; path = MetroInfoViewController.h; sourceTree = "<group>"; };
		4BCB032D1A04ECF500AC4BAF /* MetroInfoViewController.m */ = {isa = PBXFileReference; fileEncoding = 4; lastKnownFileType = sourcecode.c.objc; path = MetroInfoViewController.m; sourceTree = "<group>"; };
		4BCB032F1A04EF7000AC4BAF /* MetroListViewController.h */ = {isa = PBXFileReference; fileEncoding = 4; lastKnownFileType = sourcecode.c.h; path = MetroListViewController.h; sourceTree = "<group>"; };
		4BCB03301A04EF7000AC4BAF /* MetroListViewController.m */ = {isa = PBXFileReference; fileEncoding = 4; lastKnownFileType = sourcecode.c.objc; path = MetroListViewController.m; sourceTree = "<group>"; };
		4BCB03351A04F0DA00AC4BAF /* MetroLineItem.h */ = {isa = PBXFileReference; fileEncoding = 4; lastKnownFileType = sourcecode.c.h; path = MetroLineItem.h; sourceTree = "<group>"; };
		4BCB03361A04F0DA00AC4BAF /* MetroLineItem.m */ = {isa = PBXFileReference; fileEncoding = 4; lastKnownFileType = sourcecode.c.objc; path = MetroLineItem.m; sourceTree = "<group>"; };
		4BE369D31A07B61F0025F01C /* libsqlite3.dylib */ = {isa = PBXFileReference; lastKnownFileType = "compiled.mach-o.dylib"; name = libsqlite3.dylib; path = usr/lib/libsqlite3.dylib; sourceTree = SDKROOT; };
/* End PBXFileReference section */

/* Begin PBXFrameworksBuildPhase section */
		4BCB02F41A04E34300AC4BAF /* Frameworks */ = {
			isa = PBXFrameworksBuildPhase;
			buildActionMask = 2147483647;
			files = (
				4B9D6E241A090194005AE160 /* MapKit.framework in Frameworks */,
				4B9D6E221A09018D005AE160 /* CoreLocation.framework in Frameworks */,
				4BE369D41A07B61F0025F01C /* libsqlite3.dylib in Frameworks */,
			);
			runOnlyForDeploymentPostprocessing = 0;
		};
		4BCB030D1A04E34300AC4BAF /* Frameworks */ = {
			isa = PBXFrameworksBuildPhase;
			buildActionMask = 2147483647;
			files = (
			);
			runOnlyForDeploymentPostprocessing = 0;
		};
/* End PBXFrameworksBuildPhase section */

/* Begin PBXGroup section */
		4B228C051A0CFA8200C0D6B8 /* Resources */ = {
			isa = PBXGroup;
			children = (
				4B228C061A0CFA8200C0D6B8 /* metroinfo.sqlite */,
			);
			path = Resources;
			sourceTree = "<group>";
		};
		4BCB02EE1A04E34300AC4BAF = {
			isa = PBXGroup;
			children = (
				4B9D6E231A090194005AE160 /* MapKit.framework */,
				4B9D6E211A09018D005AE160 /* CoreLocation.framework */,
				4BE369D31A07B61F0025F01C /* libsqlite3.dylib */,
				4BCB02F91A04E34300AC4BAF /* MetroInfo */,
				4BCB03131A04E34300AC4BAF /* MetroInfoTests */,
				4BCB02F81A04E34300AC4BAF /* Products */,
			);
			sourceTree = "<group>";
		};
		4BCB02F81A04E34300AC4BAF /* Products */ = {
			isa = PBXGroup;
			children = (
				4BCB02F71A04E34300AC4BAF /* MetroInfo.app */,
				4BCB03101A04E34300AC4BAF /* MetroInfoTests.xctest */,
			);
			name = Products;
			sourceTree = "<group>";
		};
		4BCB02F91A04E34300AC4BAF /* MetroInfo */ = {
			isa = PBXGroup;
			children = (
				4BCB02FE1A04E34300AC4BAF /* AppDelegate.h */,
				4BCB02FF1A04E34300AC4BAF /* AppDelegate.m */,
				4BCB032C1A04ECF500AC4BAF /* MetroInfoViewController.h */,
				4BCB032D1A04ECF500AC4BAF /* MetroInfoViewController.m */,
				4BCB03231A04EBA000AC4BAF /* MetroListTableView.h */,
				4BCB03241A04EBA000AC4BAF /* MetroListTableView.m */,
				4BCB03041A04E34300AC4BAF /* Main.storyboard */,
				4BCB032F1A04EF7000AC4BAF /* MetroListViewController.h */,
				4BCB03301A04EF7000AC4BAF /* MetroListViewController.m */,
				4BCB03351A04F0DA00AC4BAF /* MetroLineItem.h */,
				4BCB03361A04F0DA00AC4BAF /* MetroLineItem.m */,
				4BBE11331A0531300092E63D /* MetroStation.h */,
				4BBE11341A0531300092E63D /* MetroStation.m */,
				4B228C081A0D1FAF00C0D6B8 /* SearchInfo.h */,
				4B228C091A0D1FAF00C0D6B8 /* SearchInfo.m */,
				4BCB03071A04E34300AC4BAF /* Images.xcassets */,
				4BCB03091A04E34300AC4BAF /* LaunchScreen.xib */,
				4B228C051A0CFA8200C0D6B8 /* Resources */,
				4BCB02FA1A04E34300AC4BAF /* Supporting Files */,
			);
			path = MetroInfo;
			sourceTree = "<group>";
		};
		4BCB02FA1A04E34300AC4BAF /* Supporting Files */ = {
			isa = PBXGroup;
			children = (
				4BCB02FB1A04E34300AC4BAF /* Info.plist */,
				4BCB02FC1A04E34300AC4BAF /* main.m */,
			);
			name = "Supporting Files";
			sourceTree = "<group>";
		};
		4BCB03131A04E34300AC4BAF /* MetroInfoTests */ = {
			isa = PBXGroup;
			children = (
				4BCB03161A04E34300AC4BAF /* MetroInfoTests.m */,
				4BCB03141A04E34300AC4BAF /* Supporting Files */,
			);
			path = MetroInfoTests;
			sourceTree = "<group>";
		};
		4BCB03141A04E34300AC4BAF /* Supporting Files */ = {
			isa = PBXGroup;
			children = (
				4BCB03151A04E34300AC4BAF /* Info.plist */,
			);
			name = "Supporting Files";
			sourceTree = "<group>";
		};
/* End PBXGroup section */

/* Begin PBXNativeTarget section */
		4BCB02F61A04E34300AC4BAF /* MetroInfo */ = {
			isa = PBXNativeTarget;
			buildConfigurationList = 4BCB031A1A04E34300AC4BAF /* Build configuration list for PBXNativeTarget "MetroInfo" */;
			buildPhases = (
				4BCB02F31A04E34300AC4BAF /* Sources */,
				4BCB02F41A04E34300AC4BAF /* Frameworks */,
				4BCB02F51A04E34300AC4BAF /* Resources */,
			);
			buildRules = (
			);
			dependencies = (
			);
			name = MetroInfo;
			productName = MetroInfo;
			productReference = 4BCB02F71A04E34300AC4BAF /* MetroInfo.app */;
			productType = "com.apple.product-type.application";
		};
		4BCB030F1A04E34300AC4BAF /* MetroInfoTests */ = {
			isa = PBXNativeTarget;
			buildConfigurationList = 4BCB031D1A04E34300AC4BAF /* Build configuration list for PBXNativeTarget "MetroInfoTests" */;
			buildPhases = (
				4BCB030C1A04E34300AC4BAF /* Sources */,
				4BCB030D1A04E34300AC4BAF /* Frameworks */,
				4BCB030E1A04E34300AC4BAF /* Resources */,
			);
			buildRules = (
			);
			dependencies = (
				4BCB03121A04E34300AC4BAF /* PBXTargetDependency */,
			);
			name = MetroInfoTests;
			productName = MetroInfoTests;
			productReference = 4BCB03101A04E34300AC4BAF /* MetroInfoTests.xctest */;
			productType = "com.apple.product-type.bundle.unit-test";
		};
/* End PBXNativeTarget section */

/* Begin PBXProject section */
		4BCB02EF1A04E34300AC4BAF /* Project object */ = {
			isa = PBXProject;
			attributes = {
				LastUpgradeCheck = 0610;
				ORGANIZATIONNAME = "Jackie Zhang";
				TargetAttributes = {
					4BCB02F61A04E34300AC4BAF = {
						CreatedOnToolsVersion = 6.1;
					};
					4BCB030F1A04E34300AC4BAF = {
						CreatedOnToolsVersion = 6.1;
						TestTargetID = 4BCB02F61A04E34300AC4BAF;
					};
				};
			};
			buildConfigurationList = 4BCB02F21A04E34300AC4BAF /* Build configuration list for PBXProject "MetroInfo" */;
			compatibilityVersion = "Xcode 3.2";
			developmentRegion = English;
			hasScannedForEncodings = 0;
			knownRegions = (
				en,
				Base,
			);
			mainGroup = 4BCB02EE1A04E34300AC4BAF;
			productRefGroup = 4BCB02F81A04E34300AC4BAF /* Products */;
			projectDirPath = "";
			projectRoot = "";
			targets = (
				4BCB02F61A04E34300AC4BAF /* MetroInfo */,
				4BCB030F1A04E34300AC4BAF /* MetroInfoTests */,
			);
		};
/* End PBXProject section */

/* Begin PBXResourcesBuildPhase section */
		4BCB02F51A04E34300AC4BAF /* Resources */ = {
			isa = PBXResourcesBuildPhase;
			buildActionMask = 2147483647;
			files = (
				4BCB03061A04E34300AC4BAF /* Main.storyboard in Resources */,
				4BCB030B1A04E34300AC4BAF /* LaunchScreen.xib in Resources */,
				4BCB03081A04E34300AC4BAF /* Images.xcassets in Resources */,
				4B228C071A0CFA8200C0D6B8 /* metroinfo.sqlite in Resources */,
			);
			runOnlyForDeploymentPostprocessing = 0;
		};
		4BCB030E1A04E34300AC4BAF /* Resources */ = {
			isa = PBXResourcesBuildPhase;
			buildActionMask = 2147483647;
			files = (
			);
			runOnlyForDeploymentPostprocessing = 0;
		};
/* End PBXResourcesBuildPhase section */

/* Begin PBXSourcesBuildPhase section */
		4BCB02F31A04E34300AC4BAF /* Sources */ = {
			isa = PBXSourcesBuildPhase;
			buildActionMask = 2147483647;
			files = (
				4BCB03371A04F0DA00AC4BAF /* MetroLineItem.m in Sources */,
				4B228C0A1A0D1FAF00C0D6B8 /* SearchInfo.m in Sources */,
				4BCB03251A04EBA000AC4BAF /* MetroListTableView.m in Sources */,
				4BBE11351A0531300092E63D /* MetroStation.m in Sources */,
				4BCB032E1A04ECF500AC4BAF /* MetroInfoViewController.m in Sources */,
				4BCB03311A04EF7000AC4BAF /* MetroListViewController.m in Sources */,
				4BCB03001A04E34300AC4BAF /* AppDelegate.m in Sources */,
				4BCB02FD1A04E34300AC4BAF /* main.m in Sources */,
			);
			runOnlyForDeploymentPostprocessing = 0;
		};
		4BCB030C1A04E34300AC4BAF /* Sources */ = {
			isa = PBXSourcesBuildPhase;
			buildActionMask = 2147483647;
			files = (
				4BCB03171A04E34300AC4BAF /* MetroInfoTests.m in Sources */,
			);
			runOnlyForDeploymentPostprocessing = 0;
		};
/* End PBXSourcesBuildPhase section */

/* Begin PBXTargetDependency section */
		4BCB03121A04E34300AC4BAF /* PBXTargetDependency */ = {
			isa = PBXTargetDependency;
			target = 4BCB02F61A04E34300AC4BAF /* MetroInfo */;
			targetProxy = 4BCB03111A04E34300AC4BAF /* PBXContainerItemProxy */;
		};
/* End PBXTargetDependency section */

/* Begin PBXVariantGroup section */
		4BCB03041A04E34300AC4BAF /* Main.storyboard */ = {
			isa = PBXVariantGroup;
			children = (
				4BCB03051A04E34300AC4BAF /* Base */,
			);
			name = Main.storyboard;
			sourceTree = "<group>";
		};
		4BCB03091A04E34300AC4BAF /* LaunchScreen.xib */ = {
			isa = PBXVariantGroup;
			children = (
				4BCB030A1A04E34300AC4BAF /* Base */,
			);
			name = LaunchScreen.xib;
			sourceTree = "<group>";
		};
/* End PBXVariantGroup section */

/* Begin XCBuildConfiguration section */
		4BCB03181A04E34300AC4BAF /* Debug */ = {
			isa = XCBuildConfiguration;
			buildSettings = {
				ALWAYS_SEARCH_USER_PATHS = NO;
				CLANG_CXX_LANGUAGE_STANDARD = "gnu++0x";
				CLANG_CXX_LIBRARY = "libc++";
				CLANG_ENABLE_MODULES = YES;
				CLANG_ENABLE_OBJC_ARC = YES;
				CLANG_WARN_BOOL_CONVERSION = YES;
				CLANG_WARN_CONSTANT_CONVERSION = YES;
				CLANG_WARN_DIRECT_OBJC_ISA_USAGE = YES_ERROR;
				CLANG_WARN_EMPTY_BODY = YES;
				CLANG_WARN_ENUM_CONVERSION = YES;
				CLANG_WARN_INT_CONVERSION = YES;
				CLANG_WARN_OBJC_ROOT_CLASS = YES_ERROR;
				CLANG_WARN_UNREACHABLE_CODE = YES;
				CLANG_WARN__DUPLICATE_METHOD_MATCH = YES;
				"CODE_SIGN_IDENTITY[sdk=iphoneos*]" = "iPhone Developer";
				COPY_PHASE_STRIP = NO;
				ENABLE_STRICT_OBJC_MSGSEND = YES;
				GCC_C_LANGUAGE_STANDARD = gnu99;
				GCC_DYNAMIC_NO_PIC = NO;
				GCC_OPTIMIZATION_LEVEL = 0;
				GCC_PREPROCESSOR_DEFINITIONS = (
					"DEBUG=1",
					"$(inherited)",
				);
				GCC_SYMBOLS_PRIVATE_EXTERN = NO;
				GCC_WARN_64_TO_32_BIT_CONVERSION = YES;
				GCC_WARN_ABOUT_RETURN_TYPE = YES_ERROR;
				GCC_WARN_UNDECLARED_SELECTOR = YES;
				GCC_WARN_UNINITIALIZED_AUTOS = YES_AGGRESSIVE;
				GCC_WARN_UNUSED_FUNCTION = YES;
				GCC_WARN_UNUSED_VARIABLE = YES;
				IPHONEOS_DEPLOYMENT_TARGET = 8.1;
				MTL_ENABLE_DEBUG_INFO = YES;
				ONLY_ACTIVE_ARCH = YES;
				SDKROOT = iphoneos;
			};
			name = Debug;
		};
		4BCB03191A04E34300AC4BAF /* Release */ = {
			isa = XCBuildConfiguration;
			buildSettings = {
				ALWAYS_SEARCH_USER_PATHS = NO;
				CLANG_CXX_LANGUAGE_STANDARD = "gnu++0x";
				CLANG_CXX_LIBRARY = "libc++";
				CLANG_ENABLE_MODULES = YES;
				CLANG_ENABLE_OBJC_ARC = YES;
				CLANG_WARN_BOOL_CONVERSION = YES;
				CLANG_WARN_CONSTANT_CONVERSION = YES;
				CLANG_WARN_DIRECT_OBJC_ISA_USAGE = YES_ERROR;
				CLANG_WARN_EMPTY_BODY = YES;
				CLANG_WARN_ENUM_CONVERSION = YES;
				CLANG_WARN_INT_CONVERSION = YES;
				CLANG_WARN_OBJC_ROOT_CLASS = YES_ERROR;
				CLANG_WARN_UNREACHABLE_CODE = YES;
				CLANG_WARN__DUPLICATE_METHOD_MATCH = YES;
				"CODE_SIGN_IDENTITY[sdk=iphoneos*]" = "iPhone Developer";
				COPY_PHASE_STRIP = YES;
				ENABLE_NS_ASSERTIONS = NO;
				ENABLE_STRICT_OBJC_MSGSEND = YES;
				GCC_C_LANGUAGE_STANDARD = gnu99;
				GCC_WARN_64_TO_32_BIT_CONVERSION = YES;
				GCC_WARN_ABOUT_RETURN_TYPE = YES_ERROR;
				GCC_WARN_UNDECLARED_SELECTOR = YES;
				GCC_WARN_UNINITIALIZED_AUTOS = YES_AGGRESSIVE;
				GCC_WARN_UNUSED_FUNCTION = YES;
				GCC_WARN_UNUSED_VARIABLE = YES;
				IPHONEOS_DEPLOYMENT_TARGET = 8.1;
				MTL_ENABLE_DEBUG_INFO = NO;
				SDKROOT = iphoneos;
				VALIDATE_PRODUCT = YES;
			};
			name = Release;
		};
		4BCB031B1A04E34300AC4BAF /* Debug */ = {
			isa = XCBuildConfiguration;
			buildSettings = {
				ASSETCATALOG_COMPILER_APPICON_NAME = AppIcon;
				INFOPLIST_FILE = MetroInfo/Info.plist;
				LD_RUNPATH_SEARCH_PATHS = "$(inherited) @executable_path/Frameworks";
				PRODUCT_NAME = "$(TARGET_NAME)";
			};
			name = Debug;
		};
		4BCB031C1A04E34300AC4BAF /* Release */ = {
			isa = XCBuildConfiguration;
			buildSettings = {
				ASSETCATALOG_COMPILER_APPICON_NAME = AppIcon;
				INFOPLIST_FILE = MetroInfo/Info.plist;
				LD_RUNPATH_SEARCH_PATHS = "$(inherited) @executable_path/Frameworks";
				PRODUCT_NAME = "$(TARGET_NAME)";
			};
			name = Release;
		};
		4BCB031E1A04E34300AC4BAF /* Debug */ = {
			isa = XCBuildConfiguration;
			buildSettings = {
				BUNDLE_LOADER = "$(TEST_HOST)";
				FRAMEWORK_SEARCH_PATHS = (
					"$(SDKROOT)/Developer/Library/Frameworks",
					"$(inherited)",
				);
				GCC_PREPROCESSOR_DEFINITIONS = (
					"DEBUG=1",
					"$(inherited)",
				);
				INFOPLIST_FILE = MetroInfoTests/Info.plist;
				LD_RUNPATH_SEARCH_PATHS = "$(inherited) @executable_path/Frameworks @loader_path/Frameworks";
				PRODUCT_NAME = "$(TARGET_NAME)";
				TEST_HOST = "$(BUILT_PRODUCTS_DIR)/MetroInfo.app/MetroInfo";
			};
			name = Debug;
		};
		4BCB031F1A04E34300AC4BAF /* Release */ = {
			isa = XCBuildConfiguration;
			buildSettings = {
				BUNDLE_LOADER = "$(TEST_HOST)";
				FRAMEWORK_SEARCH_PATHS = (
					"$(SDKROOT)/Developer/Library/Frameworks",
					"$(inherited)",
				);
				INFOPLIST_FILE = MetroInfoTests/Info.plist;
				LD_RUNPATH_SEARCH_PATHS = "$(inherited) @executable_path/Frameworks @loader_path/Frameworks";
				PRODUCT_NAME = "$(TARGET_NAME)";
				TEST_HOST = "$(BUILT_PRODUCTS_DIR)/MetroInfo.app/MetroInfo";
			};
			name = Release;
		};
/* End XCBuildConfiguration section */

/* Begin XCConfigurationList section */
		4BCB02F21A04E34300AC4BAF /* Build configuration list for PBXProject "MetroInfo" */ = {
			isa = XCConfigurationList;
			buildConfigurations = (
				4BCB03181A04E34300AC4BAF /* Debug */,
				4BCB03191A04E34300AC4BAF /* Release */,
			);
			defaultConfigurationIsVisible = 0;
			defaultConfigurationName = Release;
		};
		4BCB031A1A04E34300AC4BAF /* Build configuration list for PBXNativeTarget "MetroInfo" */ = {
			isa = XCConfigurationList;
			buildConfigurations = (
				4BCB031B1A04E34300AC4BAF /* Debug */,
				4BCB031C1A04E34300AC4BAF /* Release */,
			);
			defaultConfigurationIsVisible = 0;
			defaultConfigurationName = Release;
		};
		4BCB031D1A04E34300AC4BAF /* Build configuration list for PBXNativeTarget "MetroInfoTests" */ = {
			isa = XCConfigurationList;
			buildConfigurations = (
				4BCB031E1A04E34300AC4BAF /* Debug */,
				4BCB031F1A04E34300AC4BAF /* Release */,
			);
			defaultConfigurationIsVisible = 0;
			defaultConfigurationName = Release;
		};
/* End XCConfigurationList section */
	};
	rootObject = 4BCB02EF1A04E34300AC4BAF /* Project object */;
}
